
Microsoft Visual Studio Solution File, Format Version 12.00
# Visual Studio Version 17
VisualStudioVersion = 17.8.34408.163
MinimumVisualStudioVersion = 10.0.40219.1
Project("{8BC9CEB8-8B4A-11D0-8D11-00A0C91BC942}") = "ConsoleApplication1", "ConsoleApplication1\ConsoleApplication1.vcxproj", "{ACF29139-A358-42B1-8B0F-60D4798ED1DB}"
EndProject
Global
	GlobalSection(SolutionConfigurationPlatforms) = preSolution
		Debug|x64 = Debug|x64
		Debug|x86 = Debug|x86
		Release|x64 = Release|x64
		Release|x86 = Release|x86
	EndGlobalSection
	GlobalSection(ProjectConfigurationPlatforms) = postSolution
		{ACF29139-A358-42B1-8B0F-60D4798ED1DB}.Debug|x64.ActiveCfg = Debug|x64
		{ACF29139-A358-42B1-8B0F-60D4798ED1DB}.Debug|x64.Build.0 = Debug|x64
		{ACF29139-A358-42B1-8B0F-60D4798ED1DB}.Debug|x86.ActiveCfg = Debug|Win32
		{ACF29139-A358-42B1-8B0F-60D4798ED1DB}.Debug|x86.Build.0 = Debug|Win32
		{ACF29139-A358-42B1-8B0F-60D4798ED1DB}.Release|x64.ActiveCfg = Release|x64
		{ACF29139-A358-42B1-8B0F-60D4798ED1DB}.Release|x64.Build.0 = Release|x64
		{ACF29139-A358-42B1-8B0F-60D4798ED1DB}.Release|x86.ActiveCfg = Release|Win32
		{ACF29139-A358-42B1-8B0F-60D4798ED1DB}.Release|x86.Build.0 = Release|Win32
	EndGlobalSection
	GlobalSection(SolutionProperties) = preSolution
		HideSolutionNode = FALSE
	EndGlobalSection
	GlobalSection(ExtensibilityGlobals) = postSolution
		SolutionGuid = {194D5144-1D9C-47C8-89AB-414686EAAC02}
	EndGlobalSection
EndGlobal
