
Microsoft Visual Studio Solution File, Format Version 12.00
# Visual Studio Version 17
VisualStudioVersion = 17.8.34330.188
MinimumVisualStudioVersion = 10.0.40219.1
Project("{8BC9CEB8-8B4A-11D0-8D11-00A0C91BC942}") = "CudaRuntime1", "CudaRuntime1.vcxproj", "{216777BB-1246-4724-AD72-BC2E4D4EE92A}"
EndProject
Global
	GlobalSection(SolutionConfigurationPlatforms) = preSolution
		Debug|x64 = Debug|x64
		Release|x64 = Release|x64
	EndGlobalSection
	GlobalSection(ProjectConfigurationPlatforms) = postSolution
		{216777BB-1246-4724-AD72-BC2E4D4EE92A}.Debug|x64.ActiveCfg = Debug|x64
		{216777BB-1246-4724-AD72-BC2E4D4EE92A}.Debug|x64.Build.0 = Debug|x64
		{216777BB-1246-4724-AD72-BC2E4D4EE92A}.Release|x64.ActiveCfg = Release|x64
		{216777BB-1246-4724-AD72-BC2E4D4EE92A}.Release|x64.Build.0 = Release|x64
	EndGlobalSection
	GlobalSection(SolutionProperties) = preSolution
		HideSolutionNode = FALSE
	EndGlobalSection
	GlobalSection(ExtensibilityGlobals) = postSolution
		SolutionGuid = {6C37A33E-1885-4472-A166-DE3901743604}
	EndGlobalSection
EndGlobal
