
Microsoft Visual Studio Solution File, Format Version 12.00
# Visual Studio Version 17
VisualStudioVersion = 17.8.34408.163
MinimumVisualStudioVersion = 10.0.40219.1
Project("{8BC9CEB8-8B4A-11D0-8D11-00A0C91BC942}") = "npp_add", "npp_add\npp_add.vcxproj", "{E88F1F77-22FF-448C-ACDF-05E3D242E648}"
EndProject
Global
	GlobalSection(SolutionConfigurationPlatforms) = preSolution
		Debug|x64 = Debug|x64
		Release|x64 = Release|x64
	EndGlobalSection
	GlobalSection(ProjectConfigurationPlatforms) = postSolution
		{E88F1F77-22FF-448C-ACDF-05E3D242E648}.Debug|x64.ActiveCfg = Debug|x64
		{E88F1F77-22FF-448C-ACDF-05E3D242E648}.Debug|x64.Build.0 = Debug|x64
		{E88F1F77-22FF-448C-ACDF-05E3D242E648}.Release|x64.ActiveCfg = Release|x64
		{E88F1F77-22FF-448C-ACDF-05E3D242E648}.Release|x64.Build.0 = Release|x64
	EndGlobalSection
	GlobalSection(SolutionProperties) = preSolution
		HideSolutionNode = FALSE
	EndGlobalSection
	GlobalSection(ExtensibilityGlobals) = postSolution
		SolutionGuid = {92EF7B19-200E-4112-A977-7A954532AD47}
	EndGlobalSection
EndGlobal
